
Microsoft Visual Studio Solution File, Format Version 12.00
# Visual Studio Version 17
VisualStudioVersion = 17.14.36811.4 d17.14
MinimumVisualStudioVersion = 10.0.40219.1
Project("{FAE04EC0-301F-11D3-BF4B-00C04F79EFBC}") = "AutoCash", "AutoCash\AutoCash.csproj", "{547714DF-BF76-40DE-860B-544AAECE5598}"
EndProject
Global
	GlobalSection(SolutionConfigurationPlatforms) = preSolution
		Debug|Any CPU = Debug|Any CPU
		Release|Any CPU = Release|Any CPU
	EndGlobalSection
	GlobalSection(ProjectConfigurationPlatforms) = postSolution
		{547714DF-BF76-40DE-860B-544AAECE5598}.Debug|Any CPU.ActiveCfg = Debug|Any CPU
		{547714DF-BF76-40DE-860B-544AAECE5598}.Debug|Any CPU.Build.0 = Debug|Any CPU
		{547714DF-BF76-40DE-860B-544AAECE5598}.Release|Any CPU.ActiveCfg = Release|Any CPU
		{547714DF-BF76-40DE-860B-544AAECE5598}.Release|Any CPU.Build.0 = Release|Any CPU
	EndGlobalSection
	GlobalSection(SolutionProperties) = preSolution
		HideSolutionNode = FALSE
	EndGlobalSection
	GlobalSection(ExtensibilityGlobals) = postSolution
		SolutionGuid = {E59A3ED6-C591-4FE7-95E2-418E7E0BA4F5}
	EndGlobalSection
EndGlobal
